
Microsoft Visual Studio Solution File, Format Version 12.00
# Visual Studio Version 16
VisualStudioVersion = 16.0.32901.82
MinimumVisualStudioVersion = 10.0.40219.1
Project("{FAE04EC0-301F-11D3-BF4B-00C04F79EFBC}") = "BranchingSubmissionAssignment", "BranchingSubmissionAssignment\BranchingSubmissionAssignment.csproj", "{FABEFD61-417C-441E-B210-FD54C542CF25}"
EndProject
Global
	GlobalSection(SolutionConfigurationPlatforms) = preSolution
		Debug|Any CPU = Debug|Any CPU
		Release|Any CPU = Release|Any CPU
	EndGlobalSection
	GlobalSection(ProjectConfigurationPlatforms) = postSolution
		{FABEFD61-417C-441E-B210-FD54C542CF25}.Debug|Any CPU.ActiveCfg = Debug|Any CPU
		{FABEFD61-417C-441E-B210-FD54C542CF25}.Debug|Any CPU.Build.0 = Debug|Any CPU
		{FABEFD61-417C-441E-B210-FD54C542CF25}.Release|Any CPU.ActiveCfg = Release|Any CPU
		{FABEFD61-417C-441E-B210-FD54C542CF25}.Release|Any CPU.Build.0 = Release|Any CPU
	EndGlobalSection
	GlobalSection(SolutionProperties) = preSolution
		HideSolutionNode = FALSE
	EndGlobalSection
	GlobalSection(ExtensibilityGlobals) = postSolution
		SolutionGuid = {B5108CDB-6E89-4F34-908A-060D53D445F7}
	EndGlobalSection
EndGlobal
