
Microsoft Visual Studio Solution File, Format Version 12.00
# Visual Studio Version 16
VisualStudioVersion = 16.0.32901.82
MinimumVisualStudioVersion = 10.0.40219.1
Project("{FAE04EC0-301F-11D3-BF4B-00C04F79EFBC}") = "DateTimeSubmissionAssignment", "DateTimeSubmissionAssignment\DateTimeSubmissionAssignment.csproj", "{2317F097-486A-4C8B-A19D-16BFDF5F839B}"
EndProject
Global
	GlobalSection(SolutionConfigurationPlatforms) = preSolution
		Debug|Any CPU = Debug|Any CPU
		Release|Any CPU = Release|Any CPU
	EndGlobalSection
	GlobalSection(ProjectConfigurationPlatforms) = postSolution
		{2317F097-486A-4C8B-A19D-16BFDF5F839B}.Debug|Any CPU.ActiveCfg = Debug|Any CPU
		{2317F097-486A-4C8B-A19D-16BFDF5F839B}.Debug|Any CPU.Build.0 = Debug|Any CPU
		{2317F097-486A-4C8B-A19D-16BFDF5F839B}.Release|Any CPU.ActiveCfg = Release|Any CPU
		{2317F097-486A-4C8B-A19D-16BFDF5F839B}.Release|Any CPU.Build.0 = Release|Any CPU
	EndGlobalSection
	GlobalSection(SolutionProperties) = preSolution
		HideSolutionNode = FALSE
	EndGlobalSection
	GlobalSection(ExtensibilityGlobals) = postSolution
		SolutionGuid = {7BA162A4-0BF1-4EDF-A355-F9B5939A9994}
	EndGlobalSection
EndGlobal
