
Microsoft Visual Studio Solution File, Format Version 12.00
# Visual Studio Version 16
VisualStudioVersion = 16.0.32901.82
MinimumVisualStudioVersion = 10.0.40219.1
Project("{FAE04EC0-301F-11D3-BF4B-00C04F79EFBC}") = "WebApplicationCore3", "WebApplicationCore3\WebApplicationCore3.csproj", "{7CFB0CA9-2E51-4861-B0E7-A7F34E64DAEA}"
EndProject
Global
	GlobalSection(SolutionConfigurationPlatforms) = preSolution
		Debug|Any CPU = Debug|Any CPU
		Release|Any CPU = Release|Any CPU
	EndGlobalSection
	GlobalSection(ProjectConfigurationPlatforms) = postSolution
		{7CFB0CA9-2E51-4861-B0E7-A7F34E64DAEA}.Debug|Any CPU.ActiveCfg = Debug|Any CPU
		{7CFB0CA9-2E51-4861-B0E7-A7F34E64DAEA}.Debug|Any CPU.Build.0 = Debug|Any CPU
		{7CFB0CA9-2E51-4861-B0E7-A7F34E64DAEA}.Release|Any CPU.ActiveCfg = Release|Any CPU
		{7CFB0CA9-2E51-4861-B0E7-A7F34E64DAEA}.Release|Any CPU.Build.0 = Release|Any CPU
	EndGlobalSection
	GlobalSection(SolutionProperties) = preSolution
		HideSolutionNode = FALSE
	EndGlobalSection
	GlobalSection(ExtensibilityGlobals) = postSolution
		SolutionGuid = {ED46B9D8-0060-4B82-87CB-7D08C43787A2}
	EndGlobalSection
EndGlobal
