
Microsoft Visual Studio Solution File, Format Version 12.00
# Visual Studio Version 16
VisualStudioVersion = 16.0.32901.82
MinimumVisualStudioVersion = 10.0.40219.1
Project("{FAE04EC0-301F-11D3-BF4B-00C04F79EFBC}") = "ConsoleAppStringsAndIntegersSubmissionAssignment", "ConsoleAppStringsAndIntegersSubmissionAssignment\ConsoleAppStringsAndIntegersSubmissionAssignment.csproj", "{739D7105-C7D6-434D-AB4C-278DD1541755}"
EndProject
Global
	GlobalSection(SolutionConfigurationPlatforms) = preSolution
		Debug|Any CPU = Debug|Any CPU
		Release|Any CPU = Release|Any CPU
	EndGlobalSection
	GlobalSection(ProjectConfigurationPlatforms) = postSolution
		{739D7105-C7D6-434D-AB4C-278DD1541755}.Debug|Any CPU.ActiveCfg = Debug|Any CPU
		{739D7105-C7D6-434D-AB4C-278DD1541755}.Debug|Any CPU.Build.0 = Debug|Any CPU
		{739D7105-C7D6-434D-AB4C-278DD1541755}.Release|Any CPU.ActiveCfg = Release|Any CPU
		{739D7105-C7D6-434D-AB4C-278DD1541755}.Release|Any CPU.Build.0 = Release|Any CPU
	EndGlobalSection
	GlobalSection(SolutionProperties) = preSolution
		HideSolutionNode = FALSE
	EndGlobalSection
	GlobalSection(ExtensibilityGlobals) = postSolution
		SolutionGuid = {62D1FD3A-0DAD-4811-BA22-9400C25DA1D6}
	EndGlobalSection
EndGlobal
